<Solution>
  <Folder Name="/src/">
    <Project Path="src/CSharpWorkbench.Roslyn.Core/CSharpWorkbench.Roslyn.Core.csproj" />
    <Project Path="src/CSharpWorkbench.Roslyn.Host/CSharpWorkbench.Roslyn.Host.csproj" />
  </Folder>
  <Folder Name="/tests/">
    <Project Path="tests/CSharpWorkbench.Roslyn.Core.Tests/CSharpWorkbench.Roslyn.Core.Tests.csproj" />
    <Project Path="tests/CSharpWorkbench.Roslyn.Host.Tests/CSharpWorkbench.Roslyn.Host.Tests.csproj" />
  </Folder>
</Solution>
